// !$*UTF8*$!
{
	archiveVersion = 1;
	classes = {
	};
	objectVersion = 46;
	objects = {

/* Begin PBXBuildFile section */
		1EE04CC01D1AEF9B003F6EBE /* AppDelegate.swift in Sources */ = {isa = PBXBuildFile; fileRef = 1EE04CBF1D1AEF9B003F6EBE /* AppDelegate.swift */; };
		1EE04CC21D1AEF9B003F6EBE /* ViewController.swift in Sources */ = {isa = PBXBuildFile; fileRef = 1EE04CC11D1AEF9B003F6EBE /* ViewController.swift */; };
		1EE04CC51D1AEF9B003F6EBE /* Main.storyboard in Resources */ = {isa = PBXBuildFile; fileRef = 1EE04CC31D1AEF9B003F6EBE /* Main.storyboard */; };
		1EE04CC81D1AEF9B003F6EBE /* HIUIItemScrollViewSample.xcdatamodeld in Sources */ = {isa = PBXBuildFile; fileRef = 1EE04CC61D1AEF9B003F6EBE /* HIUIItemScrollViewSample.xcdatamodeld */; };
		1EE04CCA1D1AEF9B003F6EBE /* Assets.xcassets in Resources */ = {isa = PBXBuildFile; fileRef = 1EE04CC91D1AEF9B003F6EBE /* Assets.xcassets */; };
		1EE04CCD1D1AEF9B003F6EBE /* LaunchScreen.storyboard in Resources */ = {isa = PBXBuildFile; fileRef = 1EE04CCB1D1AEF9B003F6EBE /* LaunchScreen.storyboard */; };
		1EE04CDD1D1AEFDB003F6EBE /* HIUIGridItem.swift in Sources */ = {isa = PBXBuildFile; fileRef = 1EE04CD61D1AEFDB003F6EBE /* HIUIGridItem.swift */; };
		1EE04CDE1D1AEFDB003F6EBE /* HIUIGridLayoutManager.swift in Sources */ = {isa = PBXBuildFile; fileRef = 1EE04CD71D1AEFDB003F6EBE /* HIUIGridLayoutManager.swift */; };
		1EE04CDF1D1AEFDB003F6EBE /* HIUIGridTile.swift in Sources */ = {isa = PBXBuildFile; fileRef = 1EE04CD81D1AEFDB003F6EBE /* HIUIGridTile.swift */; };
		1EE04CE01D1AEFDB003F6EBE /* HIUIGridView.swift in Sources */ = {isa = PBXBuildFile; fileRef = 1EE04CD91D1AEFDB003F6EBE /* HIUIGridView.swift */; };
		1EE04CE11D1AEFDB003F6EBE /* HIUIItemScrollView.swift in Sources */ = {isa = PBXBuildFile; fileRef = 1EE04CDA1D1AEFDB003F6EBE /* HIUIItemScrollView.swift */; };
		1EE04CE21D1AEFDB003F6EBE /* HIUIItemScrollViewDataSource.swift in Sources */ = {isa = PBXBuildFile; fileRef = 1EE04CDB1D1AEFDB003F6EBE /* HIUIItemScrollViewDataSource.swift */; };
		1EE04CE31D1AEFDB003F6EBE /* HIUIItemScrollViewDelegate.swift in Sources */ = {isa = PBXBuildFile; fileRef = 1EE04CDC1D1AEFDB003F6EBE /* HIUIItemScrollViewDelegate.swift */; };
		1EE04CEB1D1AF025003F6EBE /* SampleTile.swift in Sources */ = {isa = PBXBuildFile; fileRef = 1EE04CEA1D1AF025003F6EBE /* SampleTile.swift */; };
		1EE04CED1D1AF02D003F6EBE /* SampleLayoutManager.swift in Sources */ = {isa = PBXBuildFile; fileRef = 1EE04CEC1D1AF02D003F6EBE /* SampleLayoutManager.swift */; };
/* End PBXBuildFile section */

/* Begin PBXFileReference section */
		1EE04CBC1D1AEF9B003F6EBE /* HIUIItemScrollViewSample.app */ = {isa = PBXFileReference; explicitFileType = wrapper.application; includeInIndex = 0; path = HIUIItemScrollViewSample.app; sourceTree = BUILT_PRODUCTS_DIR; };
		1EE04CBF1D1AEF9B003F6EBE /* AppDelegate.swift */ = {isa = PBXFileReference; lastKnownFileType = sourcecode.swift; path = AppDelegate.swift; sourceTree = "<group>"; };
		1EE04CC11D1AEF9B003F6EBE /* ViewController.swift */ = {isa = PBXFileReference; lastKnownFileType = sourcecode.swift; path = ViewController.swift; sourceTree = "<group>"; };
		1EE04CC41D1AEF9B003F6EBE /* Base */ = {isa = PBXFileReference; lastKnownFileType = file.storyboard; name = Base; path = Base.lproj/Main.storyboard; sourceTree = "<group>"; };
		1EE04CC71D1AEF9B003F6EBE /* HIUIItemScrollViewSample.xcdatamodel */ = {isa = PBXFileReference; lastKnownFileType = wrapper.xcdatamodel; path = HIUIItemScrollViewSample.xcdatamodel; sourceTree = "<group>"; };
		1EE04CC91D1AEF9B003F6EBE /* Assets.xcassets */ = {isa = PBXFileReference; lastKnownFileType = folder.assetcatalog; path = Assets.xcassets; sourceTree = "<group>"; };
		1EE04CCC1D1AEF9B003F6EBE /* Base */ = {isa = PBXFileReference; lastKnownFileType = file.storyboard; name = Base; path = Base.lproj/LaunchScreen.storyboard; sourceTree = "<group>"; };
		1EE04CCE1D1AEF9B003F6EBE /* Info.plist */ = {isa = PBXFileReference; lastKnownFileType = text.plist.xml; path = Info.plist; sourceTree = "<group>"; };
		1EE04CD61D1AEFDB003F6EBE /* HIUIGridItem.swift */ = {isa = PBXFileReference; fileEncoding = 4; lastKnownFileType = sourcecode.swift; path = HIUIGridItem.swift; sourceTree = "<group>"; };
		1EE04CD71D1AEFDB003F6EBE /* HIUIGridLayoutManager.swift */ = {isa = PBXFileReference; fileEncoding = 4; lastKnownFileType = sourcecode.swift; path = HIUIGridLayoutManager.swift; sourceTree = "<group>"; };
		1EE04CD81D1AEFDB003F6EBE /* HIUIGridTile.swift */ = {isa = PBXFileReference; fileEncoding = 4; lastKnownFileType = sourcecode.swift; path = HIUIGridTile.swift; sourceTree = "<group>"; };
		1EE04CD91D1AEFDB003F6EBE /* HIUIGridView.swift */ = {isa = PBXFileReference; fileEncoding = 4; lastKnownFileType = sourcecode.swift; path = HIUIGridView.swift; sourceTree = "<group>"; };
		1EE04CDA1D1AEFDB003F6EBE /* HIUIItemScrollView.swift */ = {isa = PBXFileReference; fileEncoding = 4; lastKnownFileType = sourcecode.swift; path = HIUIItemScrollView.swift; sourceTree = "<group>"; };
		1EE04CDB1D1AEFDB003F6EBE /* HIUIItemScrollViewDataSource.swift */ = {isa = PBXFileReference; fileEncoding = 4; lastKnownFileType = sourcecode.swift; path = HIUIItemScrollViewDataSource.swift; sourceTree = "<group>"; };
		1EE04CDC1D1AEFDB003F6EBE /* HIUIItemScrollViewDelegate.swift */ = {isa = PBXFileReference; fileEncoding = 4; lastKnownFileType = sourcecode.swift; path = HIUIItemScrollViewDelegate.swift; sourceTree = "<group>"; };
		1EE04CEA1D1AF025003F6EBE /* SampleTile.swift */ = {isa = PBXFileReference; fileEncoding = 4; lastKnownFileType = sourcecode.swift; name = SampleTile.swift; path = HIUIItemScrollViewSample/SampleTile.swift; sourceTree = SOURCE_ROOT; };
		1EE04CEC1D1AF02D003F6EBE /* SampleLayoutManager.swift */ = {isa = PBXFileReference; fileEncoding = 4; lastKnownFileType = sourcecode.swift; name = SampleLayoutManager.swift; path = HIUIItemScrollViewSample/SampleLayoutManager.swift; sourceTree = SOURCE_ROOT; };
/* End PBXFileReference section */

/* Begin PBXFrameworksBuildPhase section */
		1EE04CB91D1AEF9B003F6EBE /* Frameworks */ = {
			isa = PBXFrameworksBuildPhase;
			buildActionMask = 2147483647;
			files = (
			);
			runOnlyForDeploymentPostprocessing = 0;
		};
/* End PBXFrameworksBuildPhase section */

/* Begin PBXGroup section */
		1EE04CB31D1AEF9B003F6EBE = {
			isa = PBXGroup;
			children = (
				1EE04CBE1D1AEF9B003F6EBE /* HIUIItemScrollViewSample */,
				1EE04CBD1D1AEF9B003F6EBE /* Products */,
			);
			sourceTree = "<group>";
		};
		1EE04CBD1D1AEF9B003F6EBE /* Products */ = {
			isa = PBXGroup;
			children = (
				1EE04CBC1D1AEF9B003F6EBE /* HIUIItemScrollViewSample.app */,
			);
			name = Products;
			sourceTree = "<group>";
		};
		1EE04CBE1D1AEF9B003F6EBE /* HIUIItemScrollViewSample */ = {
			isa = PBXGroup;
			children = (
				1EE04CD41D1AEFDB003F6EBE /* libs */,
				1EE04CBF1D1AEF9B003F6EBE /* AppDelegate.swift */,
				1EE04CC11D1AEF9B003F6EBE /* ViewController.swift */,
				1EE04CC31D1AEF9B003F6EBE /* Main.storyboard */,
				1EE04CC91D1AEF9B003F6EBE /* Assets.xcassets */,
				1EE04CCB1D1AEF9B003F6EBE /* LaunchScreen.storyboard */,
				1EE04CCE1D1AEF9B003F6EBE /* Info.plist */,
				1EE04CC61D1AEF9B003F6EBE /* HIUIItemScrollViewSample.xcdatamodeld */,
			);
			path = HIUIItemScrollViewSample;
			sourceTree = "<group>";
		};
		1EE04CD41D1AEFDB003F6EBE /* libs */ = {
			isa = PBXGroup;
			children = (
				1EE04CD51D1AEFDB003F6EBE /* HIUIItemScrollView */,
				1EE04CE51D1AEFF8003F6EBE /* layout manager */,
				1EE04CE41D1AEFEA003F6EBE /* tile */,
			);
			path = libs;
			sourceTree = "<group>";
		};
		1EE04CD51D1AEFDB003F6EBE /* HIUIItemScrollView */ = {
			isa = PBXGroup;
			children = (
				1EE04CD61D1AEFDB003F6EBE /* HIUIGridItem.swift */,
				1EE04CD71D1AEFDB003F6EBE /* HIUIGridLayoutManager.swift */,
				1EE04CD81D1AEFDB003F6EBE /* HIUIGridTile.swift */,
				1EE04CD91D1AEFDB003F6EBE /* HIUIGridView.swift */,
				1EE04CDA1D1AEFDB003F6EBE /* HIUIItemScrollView.swift */,
				1EE04CDB1D1AEFDB003F6EBE /* HIUIItemScrollViewDataSource.swift */,
				1EE04CDC1D1AEFDB003F6EBE /* HIUIItemScrollViewDelegate.swift */,
			);
			path = HIUIItemScrollView;
			sourceTree = "<group>";
		};
		1EE04CE41D1AEFEA003F6EBE /* tile */ = {
			isa = PBXGroup;
			children = (
				1EE04CEA1D1AF025003F6EBE /* SampleTile.swift */,
			);
			name = tile;
			sourceTree = "<group>";
		};
		1EE04CE51D1AEFF8003F6EBE /* layout manager */ = {
			isa = PBXGroup;
			children = (
				1EE04CEC1D1AF02D003F6EBE /* SampleLayoutManager.swift */,
			);
			name = "layout manager";
			sourceTree = "<group>";
		};
/* End PBXGroup section */

/* Begin PBXNativeTarget section */
		1EE04CBB1D1AEF9B003F6EBE /* HIUIItemScrollViewSample */ = {
			isa = PBXNativeTarget;
			buildConfigurationList = 1EE04CD11D1AEF9B003F6EBE /* Build configuration list for PBXNativeTarget "HIUIItemScrollViewSample" */;
			buildPhases = (
				1EE04CB81D1AEF9B003F6EBE /* Sources */,
				1EE04CB91D1AEF9B003F6EBE /* Frameworks */,
				1EE04CBA1D1AEF9B003F6EBE /* Resources */,
			);
			buildRules = (
			);
			dependencies = (
			);
			name = HIUIItemScrollViewSample;
			productName = HIUIItemScrollViewSample;
			productReference = 1EE04CBC1D1AEF9B003F6EBE /* HIUIItemScrollViewSample.app */;
			productType = "com.apple.product-type.application";
		};
/* End PBXNativeTarget section */

/* Begin PBXProject section */
		1EE04CB41D1AEF9B003F6EBE /* Project object */ = {
			isa = PBXProject;
			attributes = {
				LastSwiftUpdateCheck = 0730;
				LastUpgradeCheck = 0730;
				ORGANIZATIONNAME = "Sunhong Kim";
				TargetAttributes = {
					1EE04CBB1D1AEF9B003F6EBE = {
						CreatedOnToolsVersion = 7.3.1;
					};
				};
			};
			buildConfigurationList = 1EE04CB71D1AEF9B003F6EBE /* Build configuration list for PBXProject "HIUIItemScrollViewSample" */;
			compatibilityVersion = "Xcode 3.2";
			developmentRegion = English;
			hasScannedForEncodings = 0;
			knownRegions = (
				en,
				Base,
			);
			mainGroup = 1EE04CB31D1AEF9B003F6EBE;
			productRefGroup = 1EE04CBD1D1AEF9B003F6EBE /* Products */;
			projectDirPath = "";
			projectRoot = "";
			targets = (
				1EE04CBB1D1AEF9B003F6EBE /* HIUIItemScrollViewSample */,
			);
		};
/* End PBXProject section */

/* Begin PBXResourcesBuildPhase section */
		1EE04CBA1D1AEF9B003F6EBE /* Resources */ = {
			isa = PBXResourcesBuildPhase;
			buildActionMask = 2147483647;
			files = (
				1EE04CCD1D1AEF9B003F6EBE /* LaunchScreen.storyboard in Resources */,
				1EE04CCA1D1AEF9B003F6EBE /* Assets.xcassets in Resources */,
				1EE04CC51D1AEF9B003F6EBE /* Main.storyboard in Resources */,
			);
			runOnlyForDeploymentPostprocessing = 0;
		};
/* End PBXResourcesBuildPhase section */

/* Begin PBXSourcesBuildPhase section */
		1EE04CB81D1AEF9B003F6EBE /* Sources */ = {
			isa = PBXSourcesBuildPhase;
			buildActionMask = 2147483647;
			files = (
				1EE04CE01D1AEFDB003F6EBE /* HIUIGridView.swift in Sources */,
				1EE04CE21D1AEFDB003F6EBE /* HIUIItemScrollViewDataSource.swift in Sources */,
				1EE04CEB1D1AF025003F6EBE /* SampleTile.swift in Sources */,
				1EE04CED1D1AF02D003F6EBE /* SampleLayoutManager.swift in Sources */,
				1EE04CC21D1AEF9B003F6EBE /* ViewController.swift in Sources */,
				1EE04CDE1D1AEFDB003F6EBE /* HIUIGridLayoutManager.swift in Sources */,
				1EE04CE31D1AEFDB003F6EBE /* HIUIItemScrollViewDelegate.swift in Sources */,
				1EE04CE11D1AEFDB003F6EBE /* HIUIItemScrollView.swift in Sources */,
				1EE04CDF1D1AEFDB003F6EBE /* HIUIGridTile.swift in Sources */,
				1EE04CDD1D1AEFDB003F6EBE /* HIUIGridItem.swift in Sources */,
				1EE04CC81D1AEF9B003F6EBE /* HIUIItemScrollViewSample.xcdatamodeld in Sources */,
				1EE04CC01D1AEF9B003F6EBE /* AppDelegate.swift in Sources */,
			);
			runOnlyForDeploymentPostprocessing = 0;
		};
/* End PBXSourcesBuildPhase section */

/* Begin PBXVariantGroup section */
		1EE04CC31D1AEF9B003F6EBE /* Main.storyboard */ = {
			isa = PBXVariantGroup;
			children = (
				1EE04CC41D1AEF9B003F6EBE /* Base */,
			);
			name = Main.storyboard;
			sourceTree = "<group>";
		};
		1EE04CCB1D1AEF9B003F6EBE /* LaunchScreen.storyboard */ = {
			isa = PBXVariantGroup;
			children = (
				1EE04CCC1D1AEF9B003F6EBE /* Base */,
			);
			name = LaunchScreen.storyboard;
			sourceTree = "<group>";
		};
/* End PBXVariantGroup section */

/* Begin XCBuildConfiguration section */
		1EE04CCF1D1AEF9B003F6EBE /* Debug */ = {
			isa = XCBuildConfiguration;
			buildSettings = {
				ALWAYS_SEARCH_USER_PATHS = NO;
				CLANG_ANALYZER_NONNULL = YES;
				CLANG_CXX_LANGUAGE_STANDARD = "gnu++0x";
				CLANG_CXX_LIBRARY = "libc++";
				CLANG_ENABLE_MODULES = YES;
				CLANG_ENABLE_OBJC_ARC = YES;
				CLANG_WARN_BOOL_CONVERSION = YES;
				CLANG_WARN_CONSTANT_CONVERSION = YES;
				CLANG_WARN_DIRECT_OBJC_ISA_USAGE = YES_ERROR;
				CLANG_WARN_EMPTY_BODY = YES;
				CLANG_WARN_ENUM_CONVERSION = YES;
				CLANG_WARN_INT_CONVERSION = YES;
				CLANG_WARN_OBJC_ROOT_CLASS = YES_ERROR;
				CLANG_WARN_UNREACHABLE_CODE = YES;
				CLANG_WARN__DUPLICATE_METHOD_MATCH = YES;
				"CODE_SIGN_IDENTITY[sdk=iphoneos*]" = "iPhone Developer";
				COPY_PHASE_STRIP = NO;
				DEBUG_INFORMATION_FORMAT = dwarf;
				ENABLE_STRICT_OBJC_MSGSEND = YES;
				ENABLE_TESTABILITY = YES;
				GCC_C_LANGUAGE_STANDARD = gnu99;
				GCC_DYNAMIC_NO_PIC = NO;
				GCC_NO_COMMON_BLOCKS = YES;
				GCC_OPTIMIZATION_LEVEL = 0;
				GCC_PREPROCESSOR_DEFINITIONS = (
					"DEBUG=1",
					"$(inherited)",
				);
				GCC_WARN_64_TO_32_BIT_CONVERSION = YES;
				GCC_WARN_ABOUT_RETURN_TYPE = YES_ERROR;
				GCC_WARN_UNDECLARED_SELECTOR = YES;
				GCC_WARN_UNINITIALIZED_AUTOS = YES_AGGRESSIVE;
				GCC_WARN_UNUSED_FUNCTION = YES;
				GCC_WARN_UNUSED_VARIABLE = YES;
				IPHONEOS_DEPLOYMENT_TARGET = 9.3;
				MTL_ENABLE_DEBUG_INFO = YES;
				ONLY_ACTIVE_ARCH = YES;
				SDKROOT = iphoneos;
				SWIFT_OPTIMIZATION_LEVEL = "-Onone";
			};
			name = Debug;
		};
		1EE04CD01D1AEF9B003F6EBE /* Release */ = {
			isa = XCBuildConfiguration;
			buildSettings = {
				ALWAYS_SEARCH_USER_PATHS = NO;
				CLANG_ANALYZER_NONNULL = YES;
				CLANG_CXX_LANGUAGE_STANDARD = "gnu++0x";
				CLANG_CXX_LIBRARY = "libc++";
				CLANG_ENABLE_MODULES = YES;
				CLANG_ENABLE_OBJC_ARC = YES;
				CLANG_WARN_BOOL_CONVERSION = YES;
				CLANG_WARN_CONSTANT_CONVERSION = YES;
				CLANG_WARN_DIRECT_OBJC_ISA_USAGE = YES_ERROR;
				CLANG_WARN_EMPTY_BODY = YES;
				CLANG_WARN_ENUM_CONVERSION = YES;
				CLANG_WARN_INT_CONVERSION = YES;
				CLANG_WARN_OBJC_ROOT_CLASS = YES_ERROR;
				CLANG_WARN_UNREACHABLE_CODE = YES;
				CLANG_WARN__DUPLICATE_METHOD_MATCH = YES;
				"CODE_SIGN_IDENTITY[sdk=iphoneos*]" = "iPhone Developer";
				COPY_PHASE_STRIP = NO;
				DEBUG_INFORMATION_FORMAT = "dwarf-with-dsym";
				ENABLE_NS_ASSERTIONS = NO;
				ENABLE_STRICT_OBJC_MSGSEND = YES;
				GCC_C_LANGUAGE_STANDARD = gnu99;
				GCC_NO_COMMON_BLOCKS = YES;
				GCC_WARN_64_TO_32_BIT_CONVERSION = YES;
				GCC_WARN_ABOUT_RETURN_TYPE = YES_ERROR;
				GCC_WARN_UNDECLARED_SELECTOR = YES;
				GCC_WARN_UNINITIALIZED_AUTOS = YES_AGGRESSIVE;
				GCC_WARN_UNUSED_FUNCTION = YES;
				GCC_WARN_UNUSED_VARIABLE = YES;
				IPHONEOS_DEPLOYMENT_TARGET = 9.3;
				MTL_ENABLE_DEBUG_INFO = NO;
				SDKROOT = iphoneos;
				VALIDATE_PRODUCT = YES;
			};
			name = Release;
		};
		1EE04CD21D1AEF9B003F6EBE /* Debug */ = {
			isa = XCBuildConfiguration;
			buildSettings = {
				ASSETCATALOG_COMPILER_APPICON_NAME = AppIcon;
				INFOPLIST_FILE = HIUIItemScrollViewSample/Info.plist;
				LD_RUNPATH_SEARCH_PATHS = "$(inherited) @executable_path/Frameworks";
				PRODUCT_BUNDLE_IDENTIFIER = com.shkim.HIUIItemScrollViewSample;
				PRODUCT_NAME = "$(TARGET_NAME)";
			};
			name = Debug;
		};
		1EE04CD31D1AEF9B003F6EBE /* Release */ = {
			isa = XCBuildConfiguration;
			buildSettings = {
				ASSETCATALOG_COMPILER_APPICON_NAME = AppIcon;
				INFOPLIST_FILE = HIUIItemScrollViewSample/Info.plist;
				LD_RUNPATH_SEARCH_PATHS = "$(inherited) @executable_path/Frameworks";
				PRODUCT_BUNDLE_IDENTIFIER = com.shkim.HIUIItemScrollViewSample;
				PRODUCT_NAME = "$(TARGET_NAME)";
			};
			name = Release;
		};
/* End XCBuildConfiguration section */

/* Begin XCConfigurationList section */
		1EE04CB71D1AEF9B003F6EBE /* Build configuration list for PBXProject "HIUIItemScrollViewSample" */ = {
			isa = XCConfigurationList;
			buildConfigurations = (
				1EE04CCF1D1AEF9B003F6EBE /* Debug */,
				1EE04CD01D1AEF9B003F6EBE /* Release */,
			);
			defaultConfigurationIsVisible = 0;
			defaultConfigurationName = Release;
		};
		1EE04CD11D1AEF9B003F6EBE /* Build configuration list for PBXNativeTarget "HIUIItemScrollViewSample" */ = {
			isa = XCConfigurationList;
			buildConfigurations = (
				1EE04CD21D1AEF9B003F6EBE /* Debug */,
				1EE04CD31D1AEF9B003F6EBE /* Release */,
			);
			defaultConfigurationIsVisible = 0;
			defaultConfigurationName = Release;
		};
/* End XCConfigurationList section */

/* Begin XCVersionGroup section */
		1EE04CC61D1AEF9B003F6EBE /* HIUIItemScrollViewSample.xcdatamodeld */ = {
			isa = XCVersionGroup;
			children = (
				1EE04CC71D1AEF9B003F6EBE /* HIUIItemScrollViewSample.xcdatamodel */,
			);
			currentVersion = 1EE04CC71D1AEF9B003F6EBE /* HIUIItemScrollViewSample.xcdatamodel */;
			path = HIUIItemScrollViewSample.xcdatamodeld;
			sourceTree = "<group>";
			versionGroupType = wrapper.xcdatamodel;
		};
/* End XCVersionGroup section */
	};
	rootObject = 1EE04CB41D1AEF9B003F6EBE /* Project object */;
}
